
Microsoft Visual Studio Solution File, Format Version 12.00
# Visual Studio Version 17
VisualStudioVersion = 17.7.34202.233
MinimumVisualStudioVersion = 10.0.40219.1
Project("{FAE04EC0-301F-11D3-BF4B-00C04F79EFBC}") = "insertion sort", "insertion sort\insertion sort.csproj", "{D7294187-4E15-473A-9FF8-F4FA869D4A97}"
EndProject
Global
	GlobalSection(SolutionConfigurationPlatforms) = preSolution
		Debug|Any CPU = Debug|Any CPU
		Release|Any CPU = Release|Any CPU
	EndGlobalSection
	GlobalSection(ProjectConfigurationPlatforms) = postSolution
		{D7294187-4E15-473A-9FF8-F4FA869D4A97}.Debug|Any CPU.ActiveCfg = Debug|Any CPU
		{D7294187-4E15-473A-9FF8-F4FA869D4A97}.Debug|Any CPU.Build.0 = Debug|Any CPU
		{D7294187-4E15-473A-9FF8-F4FA869D4A97}.Release|Any CPU.ActiveCfg = Release|Any CPU
		{D7294187-4E15-473A-9FF8-F4FA869D4A97}.Release|Any CPU.Build.0 = Release|Any CPU
	EndGlobalSection
	GlobalSection(SolutionProperties) = preSolution
		HideSolutionNode = FALSE
	EndGlobalSection
	GlobalSection(ExtensibilityGlobals) = postSolution
		SolutionGuid = {DE764400-95B8-4722-9690-23E3E4C6560A}
	EndGlobalSection
EndGlobal
